
Microsoft Visual Studio Solution File, Format Version 12.00
# Visual Studio 15
VisualStudioVersion = 15.0.28010.2016
MinimumVisualStudioVersion = 10.0.40219.1
Project("{8BC9CEB8-8B4A-11D0-8D11-00A0C91BC942}") = "libcapcom", "libcapcom\libcapcom.vcxproj", "{AE5BAFC9-E4BA-4786-96E4-A564B113B206}"
EndProject
Global
	GlobalSection(SolutionConfigurationPlatforms) = preSolution
		Debug|x64 = Debug|x64
		Debug|x86 = Debug|x86
		Release|x64 = Release|x64
		Release|x86 = Release|x86
	EndGlobalSection
	GlobalSection(ProjectConfigurationPlatforms) = postSolution
		{AE5BAFC9-E4BA-4786-96E4-A564B113B206}.Debug|x64.ActiveCfg = Debug|x64
		{AE5BAFC9-E4BA-4786-96E4-A564B113B206}.Debug|x64.Build.0 = Debug|x64
		{AE5BAFC9-E4BA-4786-96E4-A564B113B206}.Debug|x86.ActiveCfg = Debug|Win32
		{AE5BAFC9-E4BA-4786-96E4-A564B113B206}.Debug|x86.Build.0 = Debug|Win32
		{AE5BAFC9-E4BA-4786-96E4-A564B113B206}.Release|x64.ActiveCfg = Release|x64
		{AE5BAFC9-E4BA-4786-96E4-A564B113B206}.Release|x64.Build.0 = Release|x64
		{AE5BAFC9-E4BA-4786-96E4-A564B113B206}.Release|x86.ActiveCfg = Release|Win32
		{AE5BAFC9-E4BA-4786-96E4-A564B113B206}.Release|x86.Build.0 = Release|Win32
	EndGlobalSection
	GlobalSection(SolutionProperties) = preSolution
		HideSolutionNode = FALSE
	EndGlobalSection
	GlobalSection(ExtensibilityGlobals) = postSolution
		SolutionGuid = {902C0E39-B6E8-4DE8-B30F-DB0DD9C9CC1F}
	EndGlobalSection
EndGlobal
